// !$*UTF8*$!
{
	archiveVersion = 1;
	classes = {
	};
	objectVersion = 56;
	objects = {

/* Begin PBXBuildFile section */
		629C27B0B2AC04F459264ED0 /* Pods_HRPlatformSovcomBank.framework in Frameworks */ = {isa = PBXBuildFile; fileRef = 6299CF7C3EAF7E34C16FBB33 /* Pods_HRPlatformSovcomBank.framework */; };
		A5F2F6502A1D1756001A2623 /* AppDelegate.swift in Sources */ = {isa = PBXBuildFile; fileRef = A5F2F64F2A1D1756001A2623 /* AppDelegate.swift */; };
		A5F2F6522A1D1756001A2623 /* SceneDelegate.swift in Sources */ = {isa = PBXBuildFile; fileRef = A5F2F6512A1D1756001A2623 /* SceneDelegate.swift */; };
		A5F2F6542A1D1756001A2623 /* LoginViewController.swift in Sources */ = {isa = PBXBuildFile; fileRef = A5F2F6532A1D1756001A2623 /* LoginViewController.swift */; };
		A5F2F6592A1D1758001A2623 /* Assets.xcassets in Resources */ = {isa = PBXBuildFile; fileRef = A5F2F6582A1D1758001A2623 /* Assets.xcassets */; };
		A5F2F65C2A1D1758001A2623 /* LaunchScreen.storyboard in Resources */ = {isa = PBXBuildFile; fileRef = A5F2F65A2A1D1758001A2623 /* LaunchScreen.storyboard */; };
		A5F2F6652A1D4BB9001A2623 /* WorkExperience.swift in Sources */ = {isa = PBXBuildFile; fileRef = A5F2F6642A1D4BB9001A2623 /* WorkExperience.swift */; };
		A5F2F66A2A1D4DBC001A2623 /* WorkExperienceView.swift in Sources */ = {isa = PBXBuildFile; fileRef = A5F2F6692A1D4DBC001A2623 /* WorkExperienceView.swift */; };
		A5F2F66C2A1D4DEF001A2623 /* WorkExperienceCell.swift in Sources */ = {isa = PBXBuildFile; fileRef = A5F2F66B2A1D4DEF001A2623 /* WorkExperienceCell.swift */; };
		A5F2F66E2A1D4E27001A2623 /* WorkExperienceSectionModel.swift in Sources */ = {isa = PBXBuildFile; fileRef = A5F2F66D2A1D4E27001A2623 /* WorkExperienceSectionModel.swift */; };
		A5F2F6712A1E78E1001A2623 /* Colors.swift in Sources */ = {isa = PBXBuildFile; fileRef = A5F2F6702A1E78E0001A2623 /* Colors.swift */; };
		A5F2F6732A1F9C96001A2623 /* LoginViewModel.swift in Sources */ = {isa = PBXBuildFile; fileRef = A5F2F6722A1F9C96001A2623 /* LoginViewModel.swift */; };
		A5F2F6782A1F9DBC001A2623 /* VacancyViewController.swift in Sources */ = {isa = PBXBuildFile; fileRef = A5F2F6772A1F9DBC001A2623 /* VacancyViewController.swift */; };
		A5F2F67A2A1F9DC8001A2623 /* VacancyViewModel.swift in Sources */ = {isa = PBXBuildFile; fileRef = A5F2F6792A1F9DC8001A2623 /* VacancyViewModel.swift */; };
		A5F2F67C2A1F9DD7001A2623 /* VacancyCell.swift in Sources */ = {isa = PBXBuildFile; fileRef = A5F2F67B2A1F9DD6001A2623 /* VacancyCell.swift */; };
		A5F2F67E2A1F9DDF001A2623 /* VacancyCellViewModel.swift in Sources */ = {isa = PBXBuildFile; fileRef = A5F2F67D2A1F9DDF001A2623 /* VacancyCellViewModel.swift */; };
		A5F2F6802A200501001A2623 /* VacancyModel.swift in Sources */ = {isa = PBXBuildFile; fileRef = A5F2F67F2A200501001A2623 /* VacancyModel.swift */; };
		A5F2F6832A2096F1001A2623 /* ViewModelProtocol.swift in Sources */ = {isa = PBXBuildFile; fileRef = A5F2F6822A2096F1001A2623 /* ViewModelProtocol.swift */; };
		A5F2F6862A210D1F001A2623 /* LoginNavigation.swift in Sources */ = {isa = PBXBuildFile; fileRef = A5F2F6852A210D1F001A2623 /* LoginNavigation.swift */; };
		A5F2F6882A212A14001A2623 /* VacancyTagModel.swift in Sources */ = {isa = PBXBuildFile; fileRef = A5F2F6872A212A14001A2623 /* VacancyTagModel.swift */; };
		A5F2F68A2A212DF4001A2623 /* VacancyStatusView.swift in Sources */ = {isa = PBXBuildFile; fileRef = A5F2F6892A212DF4001A2623 /* VacancyStatusView.swift */; };
		A5F2F68C2A21C971001A2623 /* Application.swift in Sources */ = {isa = PBXBuildFile; fileRef = A5F2F68B2A21C971001A2623 /* Application.swift */; };
		A5F2F68F2A21FB40001A2623 /* ProfileViewController.swift in Sources */ = {isa = PBXBuildFile; fileRef = A5F2F68E2A21FB40001A2623 /* ProfileViewController.swift */; };
		A5F2F6912A21FB4C001A2623 /* ProfileViewModel.swift in Sources */ = {isa = PBXBuildFile; fileRef = A5F2F6902A21FB4C001A2623 /* ProfileViewModel.swift */; };
		A5F2F6932A21FB67001A2623 /* ResumeCell.swift in Sources */ = {isa = PBXBuildFile; fileRef = A5F2F6922A21FB67001A2623 /* ResumeCell.swift */; };
		A5F2F6952A21FB7E001A2623 /* AddResumeCell.swift in Sources */ = {isa = PBXBuildFile; fileRef = A5F2F6942A21FB7E001A2623 /* AddResumeCell.swift */; };
		A5F2F6982A21FD4F001A2623 /* NetworkProvider.swift in Sources */ = {isa = PBXBuildFile; fileRef = A5F2F6972A21FD4F001A2623 /* NetworkProvider.swift */; };
		A5F2F69A2A21FDBC001A2623 /* BaseNavigator.swift in Sources */ = {isa = PBXBuildFile; fileRef = A5F2F6992A21FDBC001A2623 /* BaseNavigator.swift */; };
		A5F2F69C2A220CCB001A2623 /* MenuNavigator.swift in Sources */ = {isa = PBXBuildFile; fileRef = A5F2F69B2A220CCB001A2623 /* MenuNavigator.swift */; };
		A5F2F69E2A220CE0001A2623 /* MenuViewController.swift in Sources */ = {isa = PBXBuildFile; fileRef = A5F2F69D2A220CE0001A2623 /* MenuViewController.swift */; };
		A5F2F6A12A220CFA001A2623 /* MenuViewModel.swift in Sources */ = {isa = PBXBuildFile; fileRef = A5F2F6A02A220CFA001A2623 /* MenuViewModel.swift */; };
		A5F2F6A32A220D0E001A2623 /* MenuCell.swift in Sources */ = {isa = PBXBuildFile; fileRef = A5F2F6A22A220D0E001A2623 /* MenuCell.swift */; };
		A5F2F6A52A220D18001A2623 /* MenuCellViewModel.swift in Sources */ = {isa = PBXBuildFile; fileRef = A5F2F6A42A220D18001A2623 /* MenuCellViewModel.swift */; };
		A5F2F6A72A220D6D001A2623 /* CellType.swift in Sources */ = {isa = PBXBuildFile; fileRef = A5F2F6A62A220D6D001A2623 /* CellType.swift */; };
		A5F2F6A92A229872001A2623 /* AddResumeViewModel.swift in Sources */ = {isa = PBXBuildFile; fileRef = A5F2F6A82A229872001A2623 /* AddResumeViewModel.swift */; };
		A5F2F6AB2A229EDC001A2623 /* FillProfileViewController.swift in Sources */ = {isa = PBXBuildFile; fileRef = A5F2F6AA2A229EDC001A2623 /* FillProfileViewController.swift */; };
		A5F2F6AE2A229F39001A2623 /* FillProfileViewModel.swift in Sources */ = {isa = PBXBuildFile; fileRef = A5F2F6AD2A229F39001A2623 /* FillProfileViewModel.swift */; };
		A5F2F6B02A229FB1001A2623 /* ProfileCell.swift in Sources */ = {isa = PBXBuildFile; fileRef = A5F2F6AF2A229FB0001A2623 /* ProfileCell.swift */; };
		A5F2F6B32A236051001A2623 /* AppliesViewController.swift in Sources */ = {isa = PBXBuildFile; fileRef = A5F2F6B22A236051001A2623 /* AppliesViewController.swift */; };
		A5F2F6B52A2360C0001A2623 /* AppliesCell.swift in Sources */ = {isa = PBXBuildFile; fileRef = A5F2F6B42A2360C0001A2623 /* AppliesCell.swift */; };
		A5F2F6B92A23612C001A2623 /* AppliesViewModel.swift in Sources */ = {isa = PBXBuildFile; fileRef = A5F2F6B82A23612C001A2623 /* AppliesViewModel.swift */; };
		A5F2F6BC2A236317001A2623 /* NetworkAuthPost.swift in Sources */ = {isa = PBXBuildFile; fileRef = A5F2F6BB2A236317001A2623 /* NetworkAuthPost.swift */; };
		A5F2F6BF2A23AD22001A2623 /* VacancyByIdViewController.swift in Sources */ = {isa = PBXBuildFile; fileRef = A5F2F6BE2A23AD22001A2623 /* VacancyByIdViewController.swift */; };
		A5F2F6C12A23AD5E001A2623 /* VacancyByIdModel.swift in Sources */ = {isa = PBXBuildFile; fileRef = A5F2F6C02A23AD5E001A2623 /* VacancyByIdModel.swift */; };
		A5F2F6C32A23B7B8001A2623 /* UserResponse.swift in Sources */ = {isa = PBXBuildFile; fileRef = A5F2F6C22A23B7B8001A2623 /* UserResponse.swift */; };
/* End PBXBuildFile section */

/* Begin PBXFileReference section */
		6299CF7C3EAF7E34C16FBB33 /* Pods_HRPlatformSovcomBank.framework */ = {isa = PBXFileReference; explicitFileType = wrapper.framework; includeInIndex = 0; path = Pods_HRPlatformSovcomBank.framework; sourceTree = BUILT_PRODUCTS_DIR; };
		6818E02F1366D070ACA44669 /* Pods-HRPlatformSovcomBank.debug.xcconfig */ = {isa = PBXFileReference; includeInIndex = 1; lastKnownFileType = text.xcconfig; name = "Pods-HRPlatformSovcomBank.debug.xcconfig"; path = "Target Support Files/Pods-HRPlatformSovcomBank/Pods-HRPlatformSovcomBank.debug.xcconfig"; sourceTree = "<group>"; };
		A040F35D47F1C704292DB943 /* Pods-HRPlatformSovcomBank.release.xcconfig */ = {isa = PBXFileReference; includeInIndex = 1; lastKnownFileType = text.xcconfig; name = "Pods-HRPlatformSovcomBank.release.xcconfig"; path = "Target Support Files/Pods-HRPlatformSovcomBank/Pods-HRPlatformSovcomBank.release.xcconfig"; sourceTree = "<group>"; };
		A5F2F64C2A1D1756001A2623 /* HRPlatformSovcomBank.app */ = {isa = PBXFileReference; explicitFileType = wrapper.application; includeInIndex = 0; path = HRPlatformSovcomBank.app; sourceTree = BUILT_PRODUCTS_DIR; };
		A5F2F64F2A1D1756001A2623 /* AppDelegate.swift */ = {isa = PBXFileReference; lastKnownFileType = sourcecode.swift; path = AppDelegate.swift; sourceTree = "<group>"; };
		A5F2F6512A1D1756001A2623 /* SceneDelegate.swift */ = {isa = PBXFileReference; lastKnownFileType = sourcecode.swift; path = SceneDelegate.swift; sourceTree = "<group>"; };
		A5F2F6532A1D1756001A2623 /* LoginViewController.swift */ = {isa = PBXFileReference; lastKnownFileType = sourcecode.swift; path = LoginViewController.swift; sourceTree = "<group>"; };
		A5F2F6582A1D1758001A2623 /* Assets.xcassets */ = {isa = PBXFileReference; lastKnownFileType = folder.assetcatalog; path = Assets.xcassets; sourceTree = "<group>"; };
		A5F2F65B2A1D1758001A2623 /* Base */ = {isa = PBXFileReference; lastKnownFileType = file.storyboard; name = Base; path = Base.lproj/LaunchScreen.storyboard; sourceTree = "<group>"; };
		A5F2F65D2A1D1758001A2623 /* Info.plist */ = {isa = PBXFileReference; lastKnownFileType = text.plist.xml; path = Info.plist; sourceTree = "<group>"; };
		A5F2F6642A1D4BB9001A2623 /* WorkExperience.swift */ = {isa = PBXFileReference; lastKnownFileType = sourcecode.swift; path = WorkExperience.swift; sourceTree = "<group>"; };
		A5F2F6692A1D4DBC001A2623 /* WorkExperienceView.swift */ = {isa = PBXFileReference; lastKnownFileType = sourcecode.swift; path = WorkExperienceView.swift; sourceTree = "<group>"; };
		A5F2F66B2A1D4DEF001A2623 /* WorkExperienceCell.swift */ = {isa = PBXFileReference; lastKnownFileType = sourcecode.swift; path = WorkExperienceCell.swift; sourceTree = "<group>"; };
		A5F2F66D2A1D4E27001A2623 /* WorkExperienceSectionModel.swift */ = {isa = PBXFileReference; lastKnownFileType = sourcecode.swift; path = WorkExperienceSectionModel.swift; sourceTree = "<group>"; };
		A5F2F6702A1E78E0001A2623 /* Colors.swift */ = {isa = PBXFileReference; lastKnownFileType = sourcecode.swift; path = Colors.swift; sourceTree = "<group>"; };
		A5F2F6722A1F9C96001A2623 /* LoginViewModel.swift */ = {isa = PBXFileReference; lastKnownFileType = sourcecode.swift; path = LoginViewModel.swift; sourceTree = "<group>"; };
		A5F2F6772A1F9DBC001A2623 /* VacancyViewController.swift */ = {isa = PBXFileReference; lastKnownFileType = sourcecode.swift; path = VacancyViewController.swift; sourceTree = "<group>"; };
		A5F2F6792A1F9DC8001A2623 /* VacancyViewModel.swift */ = {isa = PBXFileReference; lastKnownFileType = sourcecode.swift; path = VacancyViewModel.swift; sourceTree = "<group>"; };
		A5F2F67B2A1F9DD6001A2623 /* VacancyCell.swift */ = {isa = PBXFileReference; lastKnownFileType = sourcecode.swift; path = VacancyCell.swift; sourceTree = "<group>"; };
		A5F2F67D2A1F9DDF001A2623 /* VacancyCellViewModel.swift */ = {isa = PBXFileReference; lastKnownFileType = sourcecode.swift; path = VacancyCellViewModel.swift; sourceTree = "<group>"; };
		A5F2F67F2A200501001A2623 /* VacancyModel.swift */ = {isa = PBXFileReference; lastKnownFileType = sourcecode.swift; path = VacancyModel.swift; sourceTree = "<group>"; };
		A5F2F6822A2096F1001A2623 /* ViewModelProtocol.swift */ = {isa = PBXFileReference; lastKnownFileType = sourcecode.swift; path = ViewModelProtocol.swift; sourceTree = "<group>"; };
		A5F2F6852A210D1F001A2623 /* LoginNavigation.swift */ = {isa = PBXFileReference; lastKnownFileType = sourcecode.swift; path = LoginNavigation.swift; sourceTree = "<group>"; };
		A5F2F6872A212A14001A2623 /* VacancyTagModel.swift */ = {isa = PBXFileReference; lastKnownFileType = sourcecode.swift; path = VacancyTagModel.swift; sourceTree = "<group>"; };
		A5F2F6892A212DF4001A2623 /* VacancyStatusView.swift */ = {isa = PBXFileReference; lastKnownFileType = sourcecode.swift; path = VacancyStatusView.swift; sourceTree = "<group>"; };
		A5F2F68B2A21C971001A2623 /* Application.swift */ = {isa = PBXFileReference; lastKnownFileType = sourcecode.swift; path = Application.swift; sourceTree = "<group>"; };
		A5F2F68E2A21FB40001A2623 /* ProfileViewController.swift */ = {isa = PBXFileReference; lastKnownFileType = sourcecode.swift; path = ProfileViewController.swift; sourceTree = "<group>"; };
		A5F2F6902A21FB4C001A2623 /* ProfileViewModel.swift */ = {isa = PBXFileReference; lastKnownFileType = sourcecode.swift; path = ProfileViewModel.swift; sourceTree = "<group>"; };
		A5F2F6922A21FB67001A2623 /* ResumeCell.swift */ = {isa = PBXFileReference; lastKnownFileType = sourcecode.swift; path = ResumeCell.swift; sourceTree = "<group>"; };
		A5F2F6942A21FB7E001A2623 /* AddResumeCell.swift */ = {isa = PBXFileReference; lastKnownFileType = sourcecode.swift; path = AddResumeCell.swift; sourceTree = "<group>"; };
		A5F2F6972A21FD4F001A2623 /* NetworkProvider.swift */ = {isa = PBXFileReference; lastKnownFileType = sourcecode.swift; path = NetworkProvider.swift; sourceTree = "<group>"; };
		A5F2F6992A21FDBC001A2623 /* BaseNavigator.swift */ = {isa = PBXFileReference; lastKnownFileType = sourcecode.swift; path = BaseNavigator.swift; sourceTree = "<group>"; };
		A5F2F69B2A220CCB001A2623 /* MenuNavigator.swift */ = {isa = PBXFileReference; lastKnownFileType = sourcecode.swift; path = MenuNavigator.swift; sourceTree = "<group>"; };
		A5F2F69D2A220CE0001A2623 /* MenuViewController.swift */ = {isa = PBXFileReference; lastKnownFileType = sourcecode.swift; path = MenuViewController.swift; sourceTree = "<group>"; };
		A5F2F6A02A220CFA001A2623 /* MenuViewModel.swift */ = {isa = PBXFileReference; lastKnownFileType = sourcecode.swift; path = MenuViewModel.swift; sourceTree = "<group>"; };
		A5F2F6A22A220D0E001A2623 /* MenuCell.swift */ = {isa = PBXFileReference; lastKnownFileType = sourcecode.swift; path = MenuCell.swift; sourceTree = "<group>"; };
		A5F2F6A42A220D18001A2623 /* MenuCellViewModel.swift */ = {isa = PBXFileReference; lastKnownFileType = sourcecode.swift; path = MenuCellViewModel.swift; sourceTree = "<group>"; };
		A5F2F6A62A220D6D001A2623 /* CellType.swift */ = {isa = PBXFileReference; lastKnownFileType = sourcecode.swift; path = CellType.swift; sourceTree = "<group>"; };
		A5F2F6A82A229872001A2623 /* AddResumeViewModel.swift */ = {isa = PBXFileReference; lastKnownFileType = sourcecode.swift; path = AddResumeViewModel.swift; sourceTree = "<group>"; };
		A5F2F6AA2A229EDC001A2623 /* FillProfileViewController.swift */ = {isa = PBXFileReference; lastKnownFileType = sourcecode.swift; path = FillProfileViewController.swift; sourceTree = "<group>"; };
		A5F2F6AD2A229F39001A2623 /* FillProfileViewModel.swift */ = {isa = PBXFileReference; lastKnownFileType = sourcecode.swift; path = FillProfileViewModel.swift; sourceTree = "<group>"; };
		A5F2F6AF2A229FB0001A2623 /* ProfileCell.swift */ = {isa = PBXFileReference; lastKnownFileType = sourcecode.swift; path = ProfileCell.swift; sourceTree = "<group>"; };
		A5F2F6B22A236051001A2623 /* AppliesViewController.swift */ = {isa = PBXFileReference; lastKnownFileType = sourcecode.swift; path = AppliesViewController.swift; sourceTree = "<group>"; };
		A5F2F6B42A2360C0001A2623 /* AppliesCell.swift */ = {isa = PBXFileReference; lastKnownFileType = sourcecode.swift; path = AppliesCell.swift; sourceTree = "<group>"; };
		A5F2F6B82A23612C001A2623 /* AppliesViewModel.swift */ = {isa = PBXFileReference; lastKnownFileType = sourcecode.swift; path = AppliesViewModel.swift; sourceTree = "<group>"; };
		A5F2F6BB2A236317001A2623 /* NetworkAuthPost.swift */ = {isa = PBXFileReference; lastKnownFileType = sourcecode.swift; path = NetworkAuthPost.swift; sourceTree = "<group>"; };
		A5F2F6BE2A23AD22001A2623 /* VacancyByIdViewController.swift */ = {isa = PBXFileReference; lastKnownFileType = sourcecode.swift; path = VacancyByIdViewController.swift; sourceTree = "<group>"; };
		A5F2F6C02A23AD5E001A2623 /* VacancyByIdModel.swift */ = {isa = PBXFileReference; lastKnownFileType = sourcecode.swift; path = VacancyByIdModel.swift; sourceTree = "<group>"; };
		A5F2F6C22A23B7B8001A2623 /* UserResponse.swift */ = {isa = PBXFileReference; lastKnownFileType = sourcecode.swift; path = UserResponse.swift; sourceTree = "<group>"; };
/* End PBXFileReference section */

/* Begin PBXFrameworksBuildPhase section */
		A5F2F6492A1D1756001A2623 /* Frameworks */ = {
			isa = PBXFrameworksBuildPhase;
			buildActionMask = 2147483647;
			files = (
				629C27B0B2AC04F459264ED0 /* Pods_HRPlatformSovcomBank.framework in Frameworks */,
			);
			runOnlyForDeploymentPostprocessing = 0;
		};
/* End PBXFrameworksBuildPhase section */

/* Begin PBXGroup section */
		11DDBFA77418F97ACD5EE6F8 /* Pods */ = {
			isa = PBXGroup;
			children = (
				6818E02F1366D070ACA44669 /* Pods-HRPlatformSovcomBank.debug.xcconfig */,
				A040F35D47F1C704292DB943 /* Pods-HRPlatformSovcomBank.release.xcconfig */,
			);
			path = Pods;
			sourceTree = "<group>";
		};
		2957DFC44B1D8C65323D84F5 /* Frameworks */ = {
			isa = PBXGroup;
			children = (
				6299CF7C3EAF7E34C16FBB33 /* Pods_HRPlatformSovcomBank.framework */,
			);
			name = Frameworks;
			sourceTree = "<group>";
		};
		A5F2F6432A1D1756001A2623 = {
			isa = PBXGroup;
			children = (
				A5F2F64E2A1D1756001A2623 /* HRPlatformSovcomBank */,
				A5F2F64D2A1D1756001A2623 /* Products */,
				11DDBFA77418F97ACD5EE6F8 /* Pods */,
				2957DFC44B1D8C65323D84F5 /* Frameworks */,
			);
			sourceTree = "<group>";
		};
		A5F2F64D2A1D1756001A2623 /* Products */ = {
			isa = PBXGroup;
			children = (
				A5F2F64C2A1D1756001A2623 /* HRPlatformSovcomBank.app */,
			);
			name = Products;
			sourceTree = "<group>";
		};
		A5F2F64E2A1D1756001A2623 /* HRPlatformSovcomBank */ = {
			isa = PBXGroup;
			children = (
				A5F2F6632A1D4B8E001A2623 /* Application */,
				A5F2F6752A1F9CEC001A2623 /* Controllers */,
				A5F2F6962A21FD29001A2623 /* NetworkService */,
				A5F2F6842A210CDD001A2623 /* Navigation */,
				A5F2F66F2A1E78D5001A2623 /* Colors */,
				A5F2F6672A1D4D88001A2623 /* Views */,
				A5F2F6662A1D4BC2001A2623 /* Models */,
				A5F2F6812A209622001A2623 /* Protocols */,
				A5F2F6BA2A2362EB001A2623 /* NetworkAuthPost */,
				A5F2F6582A1D1758001A2623 /* Assets.xcassets */,
				A5F2F65A2A1D1758001A2623 /* LaunchScreen.storyboard */,
				A5F2F65D2A1D1758001A2623 /* Info.plist */,
			);
			path = HRPlatformSovcomBank;
			sourceTree = "<group>";
		};
		A5F2F6632A1D4B8E001A2623 /* Application */ = {
			isa = PBXGroup;
			children = (
				A5F2F64F2A1D1756001A2623 /* AppDelegate.swift */,
				A5F2F6512A1D1756001A2623 /* SceneDelegate.swift */,
				A5F2F68B2A21C971001A2623 /* Application.swift */,
			);
			path = Application;
			sourceTree = "<group>";
		};
		A5F2F6662A1D4BC2001A2623 /* Models */ = {
			isa = PBXGroup;
			children = (
				A5F2F6872A212A14001A2623 /* VacancyTagModel.swift */,
			);
			path = Models;
			sourceTree = "<group>";
		};
		A5F2F6672A1D4D88001A2623 /* Views */ = {
			isa = PBXGroup;
			children = (
				A5F2F6682A1D4D97001A2623 /* WorkExperience */,
			);
			path = Views;
			sourceTree = "<group>";
		};
		A5F2F6682A1D4D97001A2623 /* WorkExperience */ = {
			isa = PBXGroup;
			children = (
				A5F2F6642A1D4BB9001A2623 /* WorkExperience.swift */,
				A5F2F6692A1D4DBC001A2623 /* WorkExperienceView.swift */,
				A5F2F66B2A1D4DEF001A2623 /* WorkExperienceCell.swift */,
				A5F2F66D2A1D4E27001A2623 /* WorkExperienceSectionModel.swift */,
			);
			path = WorkExperience;
			sourceTree = "<group>";
		};
		A5F2F66F2A1E78D5001A2623 /* Colors */ = {
			isa = PBXGroup;
			children = (
				A5F2F6702A1E78E0001A2623 /* Colors.swift */,
			);
			path = Colors;
			sourceTree = "<group>";
		};
		A5F2F6742A1F9C9B001A2623 /* LoginVC */ = {
			isa = PBXGroup;
			children = (
				A5F2F6532A1D1756001A2623 /* LoginViewController.swift */,
				A5F2F6C22A23B7B8001A2623 /* UserResponse.swift */,
				A5F2F6722A1F9C96001A2623 /* LoginViewModel.swift */,
			);
			path = LoginVC;
			sourceTree = "<group>";
		};
		A5F2F6752A1F9CEC001A2623 /* Controllers */ = {
			isa = PBXGroup;
			children = (
				A5F2F6B12A236033001A2623 /* AppliesVC */,
				A5F2F69F2A220CEC001A2623 /* MenuVC */,
				A5F2F6AC2A229EFF001A2623 /* FillProfileVC */,
				A5F2F68D2A21FB10001A2623 /* ProfileVC */,
				A5F2F6762A1F9D98001A2623 /* VacancyVC */,
				A5F2F6BD2A23ACF2001A2623 /* VacancyByID */,
				A5F2F6742A1F9C9B001A2623 /* LoginVC */,
			);
			path = Controllers;
			sourceTree = "<group>";
		};
		A5F2F6762A1F9D98001A2623 /* VacancyVC */ = {
			isa = PBXGroup;
			children = (
				A5F2F6772A1F9DBC001A2623 /* VacancyViewController.swift */,
				A5F2F6792A1F9DC8001A2623 /* VacancyViewModel.swift */,
				A5F2F67B2A1F9DD6001A2623 /* VacancyCell.swift */,
				A5F2F6892A212DF4001A2623 /* VacancyStatusView.swift */,
				A5F2F67D2A1F9DDF001A2623 /* VacancyCellViewModel.swift */,
				A5F2F67F2A200501001A2623 /* VacancyModel.swift */,
			);
			path = VacancyVC;
			sourceTree = "<group>";
		};
		A5F2F6812A209622001A2623 /* Protocols */ = {
			isa = PBXGroup;
			children = (
				A5F2F6822A2096F1001A2623 /* ViewModelProtocol.swift */,
			);
			path = Protocols;
			sourceTree = "<group>";
		};
		A5F2F6842A210CDD001A2623 /* Navigation */ = {
			isa = PBXGroup;
			children = (
				A5F2F6852A210D1F001A2623 /* LoginNavigation.swift */,
				A5F2F6992A21FDBC001A2623 /* BaseNavigator.swift */,
				A5F2F69B2A220CCB001A2623 /* MenuNavigator.swift */,
			);
			path = Navigation;
			sourceTree = "<group>";
		};
		A5F2F68D2A21FB10001A2623 /* ProfileVC */ = {
			isa = PBXGroup;
			children = (
				A5F2F68E2A21FB40001A2623 /* ProfileViewController.swift */,
				A5F2F6902A21FB4C001A2623 /* ProfileViewModel.swift */,
				A5F2F6922A21FB67001A2623 /* ResumeCell.swift */,
				A5F2F6942A21FB7E001A2623 /* AddResumeCell.swift */,
				A5F2F6A82A229872001A2623 /* AddResumeViewModel.swift */,
			);
			path = ProfileVC;
			sourceTree = "<group>";
		};
		A5F2F6962A21FD29001A2623 /* NetworkService */ = {
			isa = PBXGroup;
			children = (
				A5F2F6972A21FD4F001A2623 /* NetworkProvider.swift */,
			);
			path = NetworkService;
			sourceTree = "<group>";
		};
		A5F2F69F2A220CEC001A2623 /* MenuVC */ = {
			isa = PBXGroup;
			children = (
				A5F2F69D2A220CE0001A2623 /* MenuViewController.swift */,
				A5F2F6A02A220CFA001A2623 /* MenuViewModel.swift */,
				A5F2F6A62A220D6D001A2623 /* CellType.swift */,
				A5F2F6A22A220D0E001A2623 /* MenuCell.swift */,
				A5F2F6A42A220D18001A2623 /* MenuCellViewModel.swift */,
			);
			path = MenuVC;
			sourceTree = "<group>";
		};
		A5F2F6AC2A229EFF001A2623 /* FillProfileVC */ = {
			isa = PBXGroup;
			children = (
				A5F2F6AA2A229EDC001A2623 /* FillProfileViewController.swift */,
				A5F2F6AD2A229F39001A2623 /* FillProfileViewModel.swift */,
				A5F2F6AF2A229FB0001A2623 /* ProfileCell.swift */,
			);
			path = FillProfileVC;
			sourceTree = "<group>";
		};
		A5F2F6B12A236033001A2623 /* AppliesVC */ = {
			isa = PBXGroup;
			children = (
				A5F2F6B22A236051001A2623 /* AppliesViewController.swift */,
				A5F2F6B42A2360C0001A2623 /* AppliesCell.swift */,
				A5F2F6B82A23612C001A2623 /* AppliesViewModel.swift */,
			);
			path = AppliesVC;
			sourceTree = "<group>";
		};
		A5F2F6BA2A2362EB001A2623 /* NetworkAuthPost */ = {
			isa = PBXGroup;
			children = (
				A5F2F6BB2A236317001A2623 /* NetworkAuthPost.swift */,
			);
			path = NetworkAuthPost;
			sourceTree = "<group>";
		};
		A5F2F6BD2A23ACF2001A2623 /* VacancyByID */ = {
			isa = PBXGroup;
			children = (
				A5F2F6BE2A23AD22001A2623 /* VacancyByIdViewController.swift */,
				A5F2F6C02A23AD5E001A2623 /* VacancyByIdModel.swift */,
			);
			path = VacancyByID;
			sourceTree = "<group>";
		};
/* End PBXGroup section */

/* Begin PBXNativeTarget section */
		A5F2F64B2A1D1756001A2623 /* HRPlatformSovcomBank */ = {
			isa = PBXNativeTarget;
			buildConfigurationList = A5F2F6602A1D1758001A2623 /* Build configuration list for PBXNativeTarget "HRPlatformSovcomBank" */;
			buildPhases = (
				18085EAC4753AB0225EE4090 /* [CP] Check Pods Manifest.lock */,
				A5F2F6482A1D1756001A2623 /* Sources */,
				A5F2F6492A1D1756001A2623 /* Frameworks */,
				A5F2F64A2A1D1756001A2623 /* Resources */,
				C110F9C9A7B65DE7B165766A /* [CP] Embed Pods Frameworks */,
			);
			buildRules = (
			);
			dependencies = (
			);
			name = HRPlatformSovcomBank;
			productName = HRPlatformSovcomBank;
			productReference = A5F2F64C2A1D1756001A2623 /* HRPlatformSovcomBank.app */;
			productType = "com.apple.product-type.application";
		};
/* End PBXNativeTarget section */

/* Begin PBXProject section */
		A5F2F6442A1D1756001A2623 /* Project object */ = {
			isa = PBXProject;
			attributes = {
				BuildIndependentTargetsInParallel = 1;
				LastSwiftUpdateCheck = 1400;
				LastUpgradeCheck = 1520;
				TargetAttributes = {
					A5F2F64B2A1D1756001A2623 = {
						CreatedOnToolsVersion = 14.0;
					};
				};
			};
			buildConfigurationList = A5F2F6472A1D1756001A2623 /* Build configuration list for PBXProject "HRPlatformSovcomBank" */;
			compatibilityVersion = "Xcode 14.0";
			developmentRegion = en;
			hasScannedForEncodings = 0;
			knownRegions = (
				en,
				Base,
			);
			mainGroup = A5F2F6432A1D1756001A2623;
			productRefGroup = A5F2F64D2A1D1756001A2623 /* Products */;
			projectDirPath = "";
			projectRoot = "";
			targets = (
				A5F2F64B2A1D1756001A2623 /* HRPlatformSovcomBank */,
			);
		};
/* End PBXProject section */

/* Begin PBXResourcesBuildPhase section */
		A5F2F64A2A1D1756001A2623 /* Resources */ = {
			isa = PBXResourcesBuildPhase;
			buildActionMask = 2147483647;
			files = (
				A5F2F65C2A1D1758001A2623 /* LaunchScreen.storyboard in Resources */,
				A5F2F6592A1D1758001A2623 /* Assets.xcassets in Resources */,
			);
			runOnlyForDeploymentPostprocessing = 0;
		};
/* End PBXResourcesBuildPhase section */

/* Begin PBXShellScriptBuildPhase section */
		18085EAC4753AB0225EE4090 /* [CP] Check Pods Manifest.lock */ = {
			isa = PBXShellScriptBuildPhase;
			buildActionMask = 2147483647;
			files = (
			);
			inputFileListPaths = (
			);
			inputPaths = (
				"${PODS_PODFILE_DIR_PATH}/Podfile.lock",
				"${PODS_ROOT}/Manifest.lock",
			);
			name = "[CP] Check Pods Manifest.lock";
			outputFileListPaths = (
			);
			outputPaths = (
				"$(DERIVED_FILE_DIR)/Pods-HRPlatformSovcomBank-checkManifestLockResult.txt",
			);
			runOnlyForDeploymentPostprocessing = 0;
			shellPath = /bin/sh;
			shellScript = "diff \"${PODS_PODFILE_DIR_PATH}/Podfile.lock\" \"${PODS_ROOT}/Manifest.lock\" > /dev/null\nif [ $? != 0 ] ; then\n    # print error to STDERR\n    echo \"error: The sandbox is not in sync with the Podfile.lock. Run 'pod install' or update your CocoaPods installation.\" >&2\n    exit 1\nfi\n# This output is used by Xcode 'outputs' to avoid re-running this script phase.\necho \"SUCCESS\" > \"${SCRIPT_OUTPUT_FILE_0}\"\n";
			showEnvVarsInLog = 0;
		};
		C110F9C9A7B65DE7B165766A /* [CP] Embed Pods Frameworks */ = {
			isa = PBXShellScriptBuildPhase;
			buildActionMask = 2147483647;
			files = (
			);
			inputFileListPaths = (
				"${PODS_ROOT}/Target Support Files/Pods-HRPlatformSovcomBank/Pods-HRPlatformSovcomBank-frameworks-${CONFIGURATION}-input-files.xcfilelist",
			);
			name = "[CP] Embed Pods Frameworks";
			outputFileListPaths = (
				"${PODS_ROOT}/Target Support Files/Pods-HRPlatformSovcomBank/Pods-HRPlatformSovcomBank-frameworks-${CONFIGURATION}-output-files.xcfilelist",
			);
			runOnlyForDeploymentPostprocessing = 0;
			shellPath = /bin/sh;
			shellScript = "\"${PODS_ROOT}/Target Support Files/Pods-HRPlatformSovcomBank/Pods-HRPlatformSovcomBank-frameworks.sh\"\n";
			showEnvVarsInLog = 0;
		};
/* End PBXShellScriptBuildPhase section */

/* Begin PBXSourcesBuildPhase section */
		A5F2F6482A1D1756001A2623 /* Sources */ = {
			isa = PBXSourcesBuildPhase;
			buildActionMask = 2147483647;
			files = (
				A5F2F6B52A2360C0001A2623 /* AppliesCell.swift in Sources */,
				A5F2F6B92A23612C001A2623 /* AppliesViewModel.swift in Sources */,
				A5F2F6542A1D1756001A2623 /* LoginViewController.swift in Sources */,
				A5F2F6A32A220D0E001A2623 /* MenuCell.swift in Sources */,
				A5F2F67C2A1F9DD7001A2623 /* VacancyCell.swift in Sources */,
				A5F2F6932A21FB67001A2623 /* ResumeCell.swift in Sources */,
				A5F2F6BF2A23AD22001A2623 /* VacancyByIdViewController.swift in Sources */,
				A5F2F68F2A21FB40001A2623 /* ProfileViewController.swift in Sources */,
				A5F2F69A2A21FDBC001A2623 /* BaseNavigator.swift in Sources */,
				A5F2F6712A1E78E1001A2623 /* Colors.swift in Sources */,
				A5F2F6C12A23AD5E001A2623 /* VacancyByIdModel.swift in Sources */,
				A5F2F6C32A23B7B8001A2623 /* UserResponse.swift in Sources */,
				A5F2F69C2A220CCB001A2623 /* MenuNavigator.swift in Sources */,
				A5F2F6982A21FD4F001A2623 /* NetworkProvider.swift in Sources */,
				A5F2F6952A21FB7E001A2623 /* AddResumeCell.swift in Sources */,
				A5F2F68C2A21C971001A2623 /* Application.swift in Sources */,
				A5F2F6862A210D1F001A2623 /* LoginNavigation.swift in Sources */,
				A5F2F6912A21FB4C001A2623 /* ProfileViewModel.swift in Sources */,
				A5F2F67A2A1F9DC8001A2623 /* VacancyViewModel.swift in Sources */,
				A5F2F6BC2A236317001A2623 /* NetworkAuthPost.swift in Sources */,
				A5F2F67E2A1F9DDF001A2623 /* VacancyCellViewModel.swift in Sources */,
				A5F2F6502A1D1756001A2623 /* AppDelegate.swift in Sources */,
				A5F2F6A12A220CFA001A2623 /* MenuViewModel.swift in Sources */,
				A5F2F6A72A220D6D001A2623 /* CellType.swift in Sources */,
				A5F2F66C2A1D4DEF001A2623 /* WorkExperienceCell.swift in Sources */,
				A5F2F6B32A236051001A2623 /* AppliesViewController.swift in Sources */,
				A5F2F66A2A1D4DBC001A2623 /* WorkExperienceView.swift in Sources */,
				A5F2F6652A1D4BB9001A2623 /* WorkExperience.swift in Sources */,
				A5F2F68A2A212DF4001A2623 /* VacancyStatusView.swift in Sources */,
				A5F2F6A52A220D18001A2623 /* MenuCellViewModel.swift in Sources */,
				A5F2F6802A200501001A2623 /* VacancyModel.swift in Sources */,
				A5F2F6882A212A14001A2623 /* VacancyTagModel.swift in Sources */,
				A5F2F6A92A229872001A2623 /* AddResumeViewModel.swift in Sources */,
				A5F2F66E2A1D4E27001A2623 /* WorkExperienceSectionModel.swift in Sources */,
				A5F2F69E2A220CE0001A2623 /* MenuViewController.swift in Sources */,
				A5F2F6832A2096F1001A2623 /* ViewModelProtocol.swift in Sources */,
				A5F2F6AE2A229F39001A2623 /* FillProfileViewModel.swift in Sources */,
				A5F2F6AB2A229EDC001A2623 /* FillProfileViewController.swift in Sources */,
				A5F2F6522A1D1756001A2623 /* SceneDelegate.swift in Sources */,
				A5F2F6782A1F9DBC001A2623 /* VacancyViewController.swift in Sources */,
				A5F2F6732A1F9C96001A2623 /* LoginViewModel.swift in Sources */,
				A5F2F6B02A229FB1001A2623 /* ProfileCell.swift in Sources */,
			);
			runOnlyForDeploymentPostprocessing = 0;
		};
/* End PBXSourcesBuildPhase section */

/* Begin PBXVariantGroup section */
		A5F2F65A2A1D1758001A2623 /* LaunchScreen.storyboard */ = {
			isa = PBXVariantGroup;
			children = (
				A5F2F65B2A1D1758001A2623 /* Base */,
			);
			name = LaunchScreen.storyboard;
			sourceTree = "<group>";
		};
/* End PBXVariantGroup section */

/* Begin XCBuildConfiguration section */
		A5F2F65E2A1D1758001A2623 /* Debug */ = {
			isa = XCBuildConfiguration;
			buildSettings = {
				ALWAYS_SEARCH_USER_PATHS = NO;
				CLANG_ANALYZER_NONNULL = YES;
				CLANG_ANALYZER_NUMBER_OBJECT_CONVERSION = YES_AGGRESSIVE;
				CLANG_CXX_LANGUAGE_STANDARD = "gnu++20";
				CLANG_ENABLE_MODULES = YES;
				CLANG_ENABLE_OBJC_ARC = YES;
				CLANG_ENABLE_OBJC_WEAK = YES;
				CLANG_WARN_BLOCK_CAPTURE_AUTORELEASING = YES;
				CLANG_WARN_BOOL_CONVERSION = YES;
				CLANG_WARN_COMMA = YES;
				CLANG_WARN_CONSTANT_CONVERSION = YES;
				CLANG_WARN_DEPRECATED_OBJC_IMPLEMENTATIONS = YES;
				CLANG_WARN_DIRECT_OBJC_ISA_USAGE = YES_ERROR;
				CLANG_WARN_DOCUMENTATION_COMMENTS = YES;
				CLANG_WARN_EMPTY_BODY = YES;
				CLANG_WARN_ENUM_CONVERSION = YES;
				CLANG_WARN_INFINITE_RECURSION = YES;
				CLANG_WARN_INT_CONVERSION = YES;
				CLANG_WARN_NON_LITERAL_NULL_CONVERSION = YES;
				CLANG_WARN_OBJC_IMPLICIT_RETAIN_SELF = YES;
				CLANG_WARN_OBJC_LITERAL_CONVERSION = YES;
				CLANG_WARN_OBJC_ROOT_CLASS = YES_ERROR;
				CLANG_WARN_QUOTED_INCLUDE_IN_FRAMEWORK_HEADER = YES;
				CLANG_WARN_RANGE_LOOP_ANALYSIS = YES;
				CLANG_WARN_STRICT_PROTOTYPES = YES;
				CLANG_WARN_SUSPICIOUS_MOVE = YES;
				CLANG_WARN_UNGUARDED_AVAILABILITY = YES_AGGRESSIVE;
				CLANG_WARN_UNREACHABLE_CODE = YES;
				CLANG_WARN__DUPLICATE_METHOD_MATCH = YES;
				COPY_PHASE_STRIP = NO;
				DEBUG_INFORMATION_FORMAT = dwarf;
				ENABLE_STRICT_OBJC_MSGSEND = YES;
				ENABLE_TESTABILITY = YES;
				ENABLE_USER_SCRIPT_SANDBOXING = YES;
				GCC_C_LANGUAGE_STANDARD = gnu11;
				GCC_DYNAMIC_NO_PIC = NO;
				GCC_NO_COMMON_BLOCKS = YES;
				GCC_OPTIMIZATION_LEVEL = 0;
				GCC_PREPROCESSOR_DEFINITIONS = (
					"DEBUG=1",
					"$(inherited)",
				);
				GCC_WARN_64_TO_32_BIT_CONVERSION = YES;
				GCC_WARN_ABOUT_RETURN_TYPE = YES_ERROR;
				GCC_WARN_UNDECLARED_SELECTOR = YES;
				GCC_WARN_UNINITIALIZED_AUTOS = YES_AGGRESSIVE;
				GCC_WARN_UNUSED_FUNCTION = YES;
				GCC_WARN_UNUSED_VARIABLE = YES;
				IPHONEOS_DEPLOYMENT_TARGET = 16.0;
				MTL_ENABLE_DEBUG_INFO = INCLUDE_SOURCE;
				MTL_FAST_MATH = YES;
				ONLY_ACTIVE_ARCH = YES;
				SDKROOT = iphoneos;
				SWIFT_ACTIVE_COMPILATION_CONDITIONS = DEBUG;
				SWIFT_OPTIMIZATION_LEVEL = "-Onone";
			};
			name = Debug;
		};
		A5F2F65F2A1D1758001A2623 /* Release */ = {
			isa = XCBuildConfiguration;
			buildSettings = {
				ALWAYS_SEARCH_USER_PATHS = NO;
				CLANG_ANALYZER_NONNULL = YES;
				CLANG_ANALYZER_NUMBER_OBJECT_CONVERSION = YES_AGGRESSIVE;
				CLANG_CXX_LANGUAGE_STANDARD = "gnu++20";
				CLANG_ENABLE_MODULES = YES;
				CLANG_ENABLE_OBJC_ARC = YES;
				CLANG_ENABLE_OBJC_WEAK = YES;
				CLANG_WARN_BLOCK_CAPTURE_AUTORELEASING = YES;
				CLANG_WARN_BOOL_CONVERSION = YES;
				CLANG_WARN_COMMA = YES;
				CLANG_WARN_CONSTANT_CONVERSION = YES;
				CLANG_WARN_DEPRECATED_OBJC_IMPLEMENTATIONS = YES;
				CLANG_WARN_DIRECT_OBJC_ISA_USAGE = YES_ERROR;
				CLANG_WARN_DOCUMENTATION_COMMENTS = YES;
				CLANG_WARN_EMPTY_BODY = YES;
				CLANG_WARN_ENUM_CONVERSION = YES;
				CLANG_WARN_INFINITE_RECURSION = YES;
				CLANG_WARN_INT_CONVERSION = YES;
				CLANG_WARN_NON_LITERAL_NULL_CONVERSION = YES;
				CLANG_WARN_OBJC_IMPLICIT_RETAIN_SELF = YES;
				CLANG_WARN_OBJC_LITERAL_CONVERSION = YES;
				CLANG_WARN_OBJC_ROOT_CLASS = YES_ERROR;
				CLANG_WARN_QUOTED_INCLUDE_IN_FRAMEWORK_HEADER = YES;
				CLANG_WARN_RANGE_LOOP_ANALYSIS = YES;
				CLANG_WARN_STRICT_PROTOTYPES = YES;
				CLANG_WARN_SUSPICIOUS_MOVE = YES;
				CLANG_WARN_UNGUARDED_AVAILABILITY = YES_AGGRESSIVE;
				CLANG_WARN_UNREACHABLE_CODE = YES;
				CLANG_WARN__DUPLICATE_METHOD_MATCH = YES;
				COPY_PHASE_STRIP = NO;
				DEBUG_INFORMATION_FORMAT = "dwarf-with-dsym";
				ENABLE_NS_ASSERTIONS = NO;
				ENABLE_STRICT_OBJC_MSGSEND = YES;
				ENABLE_USER_SCRIPT_SANDBOXING = YES;
				GCC_C_LANGUAGE_STANDARD = gnu11;
				GCC_NO_COMMON_BLOCKS = YES;
				GCC_WARN_64_TO_32_BIT_CONVERSION = YES;
				GCC_WARN_ABOUT_RETURN_TYPE = YES_ERROR;
				GCC_WARN_UNDECLARED_SELECTOR = YES;
				GCC_WARN_UNINITIALIZED_AUTOS = YES_AGGRESSIVE;
				GCC_WARN_UNUSED_FUNCTION = YES;
				GCC_WARN_UNUSED_VARIABLE = YES;
				IPHONEOS_DEPLOYMENT_TARGET = 16.0;
				MTL_ENABLE_DEBUG_INFO = NO;
				MTL_FAST_MATH = YES;
				SDKROOT = iphoneos;
				SWIFT_COMPILATION_MODE = wholemodule;
				SWIFT_OPTIMIZATION_LEVEL = "-O";
				VALIDATE_PRODUCT = YES;
			};
			name = Release;
		};
		A5F2F6612A1D1758001A2623 /* Debug */ = {
			isa = XCBuildConfiguration;
			baseConfigurationReference = 6818E02F1366D070ACA44669 /* Pods-HRPlatformSovcomBank.debug.xcconfig */;
			buildSettings = {
				ASSETCATALOG_COMPILER_APPICON_NAME = AppIcon;
				ASSETCATALOG_COMPILER_GLOBAL_ACCENT_COLOR_NAME = AccentColor;
				CODE_SIGN_STYLE = Automatic;
				CURRENT_PROJECT_VERSION = 1;
				DEVELOPMENT_TEAM = A47FAFQS28;
				ENABLE_USER_SCRIPT_SANDBOXING = NO;
				GENERATE_INFOPLIST_FILE = YES;
				INFOPLIST_FILE = HRPlatformSovcomBank/Info.plist;
				INFOPLIST_KEY_UIApplicationSupportsIndirectInputEvents = YES;
				INFOPLIST_KEY_UILaunchStoryboardName = LaunchScreen;
				INFOPLIST_KEY_UISupportedInterfaceOrientations_iPad = "UIInterfaceOrientationPortrait UIInterfaceOrientationPortraitUpsideDown UIInterfaceOrientationLandscapeLeft UIInterfaceOrientationLandscapeRight";
				INFOPLIST_KEY_UISupportedInterfaceOrientations_iPhone = "UIInterfaceOrientationPortrait UIInterfaceOrientationLandscapeLeft UIInterfaceOrientationLandscapeRight";
				LD_RUNPATH_SEARCH_PATHS = (
					"$(inherited)",
					"@executable_path/Frameworks",
				);
				MARKETING_VERSION = 1.0;
				PRODUCT_BUNDLE_IDENTIFIER = shift.HRPlatformSovcomBank;
				PRODUCT_NAME = "$(TARGET_NAME)";
				SUPPORTED_PLATFORMS = "iphoneos iphonesimulator";
				SUPPORTS_MACCATALYST = NO;
				SUPPORTS_MAC_DESIGNED_FOR_IPHONE_IPAD = NO;
				SWIFT_EMIT_LOC_STRINGS = YES;
				SWIFT_VERSION = 5.0;
				TARGETED_DEVICE_FAMILY = 1;
			};
			name = Debug;
		};
		A5F2F6622A1D1758001A2623 /* Release */ = {
			isa = XCBuildConfiguration;
			baseConfigurationReference = A040F35D47F1C704292DB943 /* Pods-HRPlatformSovcomBank.release.xcconfig */;
			buildSettings = {
				ASSETCATALOG_COMPILER_APPICON_NAME = AppIcon;
				ASSETCATALOG_COMPILER_GLOBAL_ACCENT_COLOR_NAME = AccentColor;
				CODE_SIGN_STYLE = Automatic;
				CURRENT_PROJECT_VERSION = 1;
				DEVELOPMENT_TEAM = A47FAFQS28;
				ENABLE_USER_SCRIPT_SANDBOXING = NO;
				GENERATE_INFOPLIST_FILE = YES;
				INFOPLIST_FILE = HRPlatformSovcomBank/Info.plist;
				INFOPLIST_KEY_UIApplicationSupportsIndirectInputEvents = YES;
				INFOPLIST_KEY_UILaunchStoryboardName = LaunchScreen;
				INFOPLIST_KEY_UISupportedInterfaceOrientations_iPad = "UIInterfaceOrientationPortrait UIInterfaceOrientationPortraitUpsideDown UIInterfaceOrientationLandscapeLeft UIInterfaceOrientationLandscapeRight";
				INFOPLIST_KEY_UISupportedInterfaceOrientations_iPhone = "UIInterfaceOrientationPortrait UIInterfaceOrientationLandscapeLeft UIInterfaceOrientationLandscapeRight";
				LD_RUNPATH_SEARCH_PATHS = (
					"$(inherited)",
					"@executable_path/Frameworks",
				);
				MARKETING_VERSION = 1.0;
				PRODUCT_BUNDLE_IDENTIFIER = shift.HRPlatformSovcomBank;
				PRODUCT_NAME = "$(TARGET_NAME)";
				SUPPORTED_PLATFORMS = "iphoneos iphonesimulator";
				SUPPORTS_MACCATALYST = NO;
				SUPPORTS_MAC_DESIGNED_FOR_IPHONE_IPAD = NO;
				SWIFT_EMIT_LOC_STRINGS = YES;
				SWIFT_VERSION = 5.0;
				TARGETED_DEVICE_FAMILY = 1;
			};
			name = Release;
		};
/* End XCBuildConfiguration section */

/* Begin XCConfigurationList section */
		A5F2F6472A1D1756001A2623 /* Build configuration list for PBXProject "HRPlatformSovcomBank" */ = {
			isa = XCConfigurationList;
			buildConfigurations = (
				A5F2F65E2A1D1758001A2623 /* Debug */,
				A5F2F65F2A1D1758001A2623 /* Release */,
			);
			defaultConfigurationIsVisible = 0;
			defaultConfigurationName = Release;
		};
		A5F2F6602A1D1758001A2623 /* Build configuration list for PBXNativeTarget "HRPlatformSovcomBank" */ = {
			isa = XCConfigurationList;
			buildConfigurations = (
				A5F2F6612A1D1758001A2623 /* Debug */,
				A5F2F6622A1D1758001A2623 /* Release */,
			);
			defaultConfigurationIsVisible = 0;
			defaultConfigurationName = Release;
		};
/* End XCConfigurationList section */
	};
	rootObject = A5F2F6442A1D1756001A2623 /* Project object */;
}
